
Microsoft Visual Studio Solution File, Format Version 12.00
# Visual Studio Version 17
VisualStudioVersion = 17.0.31919.166
MinimumVisualStudioVersion = 10.0.40219.1
Project("{9A19103F-16F7-4668-BE54-9A1E7A4F7556}") = "BulkyBookWeb", "BulkyBookWeb\BulkyBookWeb.csproj", "{0C813839-EF6F-4483-AEE2-6547587EC53D}"
EndProject
Project("{FAE04EC0-301F-11D3-BF4B-00C04F79EFBC}") = "BulkyBook.DataAccess", "BulkyBook.DataAccess\BulkyBook.DataAccess.csproj", "{DBFDABD4-7748-437F-9158-68B0C89DC10F}"
EndProject
Project("{FAE04EC0-301F-11D3-BF4B-00C04F79EFBC}") = "BulkyBook.Models", "BulkyBook.Models\BulkyBook.Models.csproj", "{F44BD91E-1908-443C-AAA8-206C54310E38}"
EndProject
Project("{FAE04EC0-301F-11D3-BF4B-00C04F79EFBC}") = "BulkyBook.Utilty", "BulkyBook.Utilty\BulkyBook.Utilty.csproj", "{439A5400-CF51-4C60-8161-D3114A08034F}"
EndProject
Global
	GlobalSection(SolutionConfigurationPlatforms) = preSolution
		Debug|Any CPU = Debug|Any CPU
		Release|Any CPU = Release|Any CPU
	EndGlobalSection
	GlobalSection(ProjectConfigurationPlatforms) = postSolution
		{0C813839-EF6F-4483-AEE2-6547587EC53D}.Debug|Any CPU.ActiveCfg = Debug|Any CPU
		{0C813839-EF6F-4483-AEE2-6547587EC53D}.Debug|Any CPU.Build.0 = Debug|Any CPU
		{0C813839-EF6F-4483-AEE2-6547587EC53D}.Release|Any CPU.ActiveCfg = Release|Any CPU
		{0C813839-EF6F-4483-AEE2-6547587EC53D}.Release|Any CPU.Build.0 = Release|Any CPU
		{DBFDABD4-7748-437F-9158-68B0C89DC10F}.Debug|Any CPU.ActiveCfg = Debug|Any CPU
		{DBFDABD4-7748-437F-9158-68B0C89DC10F}.Debug|Any CPU.Build.0 = Debug|Any CPU
		{DBFDABD4-7748-437F-9158-68B0C89DC10F}.Release|Any CPU.ActiveCfg = Release|Any CPU
		{DBFDABD4-7748-437F-9158-68B0C89DC10F}.Release|Any CPU.Build.0 = Release|Any CPU
		{F44BD91E-1908-443C-AAA8-206C54310E38}.Debug|Any CPU.ActiveCfg = Debug|Any CPU
		{F44BD91E-1908-443C-AAA8-206C54310E38}.Debug|Any CPU.Build.0 = Debug|Any CPU
		{F44BD91E-1908-443C-AAA8-206C54310E38}.Release|Any CPU.ActiveCfg = Release|Any CPU
		{F44BD91E-1908-443C-AAA8-206C54310E38}.Release|Any CPU.Build.0 = Release|Any CPU
		{439A5400-CF51-4C60-8161-D3114A08034F}.Debug|Any CPU.ActiveCfg = Debug|Any CPU
		{439A5400-CF51-4C60-8161-D3114A08034F}.Debug|Any CPU.Build.0 = Debug|Any CPU
		{439A5400-CF51-4C60-8161-D3114A08034F}.Release|Any CPU.ActiveCfg = Release|Any CPU
		{439A5400-CF51-4C60-8161-D3114A08034F}.Release|Any CPU.Build.0 = Release|Any CPU
	EndGlobalSection
	GlobalSection(SolutionProperties) = preSolution
		HideSolutionNode = FALSE
	EndGlobalSection
	GlobalSection(ExtensibilityGlobals) = postSolution
		SolutionGuid = {CDFA6693-E689-477B-9100-0AEF006AA1BA}
	EndGlobalSection
EndGlobal
